{
    "version": 3,
    "terraform_version": "0.11.3",
    "serial": 12,
    "lineage": "34a1ba87-80f5-4449-a98c-4ba5a1264a1e",
    "modules": [
        {
            "path": [
                "root"
            ],
            "outputs": {},
            "resources": {
                "google_compute_firewall.http": {
                    "type": "google_compute_firewall",
                    "depends_on": [
                        "google_compute_network.cr460"
                    ],
                    "primary": {
                        "id": "http",
                        "attributes": {
                            "allow.#": "1",
                            "allow.272637744.ports.#": "1",
                            "allow.272637744.ports.0": "80",
                            "allow.272637744.protocol": "tcp",
                            "deny.#": "0",
                            "description": "",
                            "destination_ranges.#": "0",
                            "direction": "INGRESS",
                            "id": "http",
                            "name": "http",
                            "network": "https://www.googleapis.com/compute/v1/projects/cr460-cours6/global/networks/cr460",
                            "priority": "1000",
                            "project": "cr460-cours6",
                            "self_link": "https://www.googleapis.com/compute/v1/projects/cr460-cours6/global/firewalls/http",
                            "source_ranges.#": "1",
                            "source_ranges.1080289494": "0.0.0.0/0",
                            "source_service_accounts.#": "0",
                            "source_tags.#": "0",
                            "target_service_accounts.#": "0",
                            "target_tags.#": "1",
                            "target_tags.365508689": "web"
                        },
                        "meta": {
                            "schema_version": "1"
                        },
                        "tainted": false
                    },
                    "deposed": [],
                    "provider": "provider.google"
                },
                "google_compute_firewall.ssh": {
                    "type": "google_compute_firewall",
                    "depends_on": [
                        "google_compute_network.cr460"
                    ],
                    "primary": {
                        "id": "ssh",
                        "attributes": {
                            "allow.#": "1",
                            "allow.803338340.ports.#": "1",
                            "allow.803338340.ports.0": "22",
                            "allow.803338340.protocol": "tcp",
                            "deny.#": "0",
                            "description": "",
                            "destination_ranges.#": "0",
                            "direction": "INGRESS",
                            "id": "ssh",
                            "name": "ssh",
                            "network": "https://www.googleapis.com/compute/v1/projects/cr460-cours6/global/networks/cr460",
                            "priority": "1000",
                            "project": "cr460-cours6",
                            "self_link": "https://www.googleapis.com/compute/v1/projects/cr460-cours6/global/firewalls/ssh",
                            "source_ranges.#": "1",
                            "source_ranges.1080289494": "0.0.0.0/0",
                            "source_service_accounts.#": "0",
                            "source_tags.#": "0",
                            "target_service_accounts.#": "0",
                            "target_tags.#": "1",
                            "target_tags.2450605903": "linux"
                        },
                        "meta": {
                            "schema_version": "1"
                        },
                        "tainted": false
                    },
                    "deposed": [],
                    "provider": "provider.google"
                },
                "google_compute_instance_group_manager.instance_group": {
                    "type": "google_compute_instance_group_manager",
                    "depends_on": [
                        "google_compute_instance_template.instance-template-apache"
                    ],
                    "primary": {
                        "id": "instance-group",
                        "attributes": {
                            "auto_healing_policies.#": "0",
                            "base_instance_name": "instance",
                            "description": "",
                            "fingerprint": "gMA-9uxe7Y8=",
                            "id": "instance-group",
                            "instance_group": "https://www.googleapis.com/compute/v1/projects/cr460-cours6/zones/northamerica-northeast1-a/instanceGroups/instance-group",
                            "instance_template": "https://www.googleapis.com/compute/v1/projects/cr460-cours6/global/instanceTemplates/instance-template-apache",
                            "name": "instance-group",
                            "named_port.#": "0",
                            "project": "cr460-cours6",
                            "self_link": "https://www.googleapis.com/compute/v1/projects/cr460-cours6/zones/northamerica-northeast1-a/instanceGroupManagers/instance-group",
                            "target_pools.#": "0",
                            "target_size": "3",
                            "update_strategy": "NONE",
                            "zone": "northamerica-northeast1-a"
                        },
                        "meta": {},
                        "tainted": false
                    },
                    "deposed": [],
                    "provider": "provider.google"
                },
                "google_compute_instance_template.instance-template-apache": {
                    "type": "google_compute_instance_template",
                    "depends_on": [
                        "google_compute_subnetwork.cr460-subnet1"
                    ],
                    "primary": {
                        "id": "instance-template-apache",
                        "attributes": {
                            "can_ip_forward": "false",
                            "description": "",
                            "disk.#": "1",
                            "disk.0.auto_delete": "true",
                            "disk.0.boot": "true",
                            "disk.0.device_name": "persistent-disk-0",
                            "disk.0.disk_name": "",
                            "disk.0.disk_size_gb": "0",
                            "disk.0.disk_type": "pd-standard",
                            "disk.0.interface": "SCSI",
                            "disk.0.mode": "READ_WRITE",
                            "disk.0.source": "",
                            "disk.0.source_image": "debian-cloud/debian-8",
                            "disk.0.type": "PERSISTENT",
                            "id": "instance-template-apache",
                            "instance_description": "",
                            "machine_type": "n1-standard-1",
                            "metadata.%": "0",
                            "metadata_fingerprint": "tvGGXq0mgRM=",
                            "metadata_startup_script": "sudo apt-get -y update \u0026\u0026 sudo apt-get -y upgrade \u0026\u0026 sudo apt-get -y install apache2 \u0026\u0026 sudo systemctl start apache2",
                            "min_cpu_platform": "",
                            "name": "instance-template-apache",
                            "network_interface.#": "1",
                            "network_interface.0.access_config.#": "1",
                            "network_interface.0.access_config.0.assigned_nat_ip": "",
                            "network_interface.0.access_config.0.nat_ip": "",
                            "network_interface.0.address": "",
                            "network_interface.0.alias_ip_range.#": "0",
                            "network_interface.0.network": "https://www.googleapis.com/compute/v1/projects/cr460-cours6/global/networks/cr460",
                            "network_interface.0.network_ip": "",
                            "network_interface.0.subnetwork": "https://www.googleapis.com/compute/v1/projects/cr460-cours6/regions/northamerica-northeast1/subnetworks/cr460-subnet1",
                            "network_interface.0.subnetwork_project": "cr460-cours6",
                            "project": "cr460-cours6",
                            "region": "northamerica-northeast1",
                            "scheduling.#": "1",
                            "scheduling.0.automatic_restart": "true",
                            "scheduling.0.on_host_maintenance": "MIGRATE",
                            "scheduling.0.preemptible": "false",
                            "self_link": "https://www.googleapis.com/compute/v1/projects/cr460-cours6/global/instanceTemplates/instance-template-apache",
                            "tags.#": "4",
                            "tags.1428258306": "cr460",
                            "tags.2450605903": "linux",
                            "tags.3312536934": "patate",
                            "tags.365508689": "web",
                            "tags_fingerprint": ""
                        },
                        "meta": {
                            "schema_version": "1"
                        },
                        "tainted": false
                    },
                    "deposed": [],
                    "provider": "provider.google"
                },
                "google_compute_network.cr460": {
                    "type": "google_compute_network",
                    "depends_on": [],
                    "primary": {
                        "id": "cr460",
                        "attributes": {
                            "auto_create_subnetworks": "false",
                            "description": "",
                            "gateway_ipv4": "",
                            "id": "cr460",
                            "ipv4_range": "",
                            "name": "cr460",
                            "project": "cr460-cours6",
                            "routing_mode": "REGIONAL",
                            "self_link": "https://www.googleapis.com/compute/v1/projects/cr460-cours6/global/networks/cr460"
                        },
                        "meta": {},
                        "tainted": false
                    },
                    "deposed": [],
                    "provider": "provider.google"
                },
                "google_compute_subnetwork.cr460-subnet1": {
                    "type": "google_compute_subnetwork",
                    "depends_on": [
                        "google_compute_network.cr460"
                    ],
                    "primary": {
                        "id": "northamerica-northeast1/cr460-subnet1",
                        "attributes": {
                            "description": "",
                            "gateway_address": "10.0.0.1",
                            "id": "northamerica-northeast1/cr460-subnet1",
                            "ip_cidr_range": "10.0.0.0/24",
                            "name": "cr460-subnet1",
                            "network": "https://www.googleapis.com/compute/v1/projects/cr460-cours6/global/networks/cr460",
                            "private_ip_google_access": "false",
                            "project": "cr460-cours6",
                            "region": "northamerica-northeast1",
                            "secondary_ip_range.#": "0",
                            "self_link": "https://www.googleapis.com/compute/v1/projects/cr460-cours6/regions/northamerica-northeast1/subnetworks/cr460-subnet1"
                        },
                        "meta": {
                            "e2bfb730-ecaa-11e6-8f88-34363bc7c4c0": {
                                "create": 360000000000,
                                "delete": 360000000000,
                                "update": 360000000000
                            }
                        },
                        "tainted": false
                    },
                    "deposed": [],
                    "provider": "provider.google"
                }
            },
            "depends_on": []
        }
    ]
}
