{
    "version": 3,
    "terraform_version": "0.11.3",
    "serial": 2,
    "lineage": "34a1ba87-80f5-4449-a98c-4ba5a1264a1e",
    "modules": [
        {
            "path": [
                "root"
            ],
            "outputs": {},
            "resources": {
                "google_compute_firewall.http": {
                    "type": "google_compute_firewall",
                    "depends_on": [
                        "google_compute_network.cr460"
                    ],
                    "primary": {
                        "id": "http",
                        "attributes": {
                            "allow.#": "1",
                            "allow.272637744.ports.#": "1",
                            "allow.272637744.ports.0": "80",
                            "allow.272637744.protocol": "tcp",
                            "deny.#": "0",
                            "description": "",
                            "destination_ranges.#": "0",
                            "direction": "INGRESS",
                            "id": "http",
                            "name": "http",
                            "network": "https://www.googleapis.com/compute/v1/projects/cr460-cours6/global/networks/cr460",
                            "priority": "1000",
                            "project": "cr460-cours6",
                            "self_link": "https://www.googleapis.com/compute/v1/projects/cr460-cours6/global/firewalls/http",
                            "source_ranges.#": "1",
                            "source_ranges.1080289494": "0.0.0.0/0",
                            "source_service_accounts.#": "0",
                            "source_tags.#": "0",
                            "target_service_accounts.#": "0",
                            "target_tags.#": "1",
                            "target_tags.365508689": "web"
                        },
                        "meta": {
                            "schema_version": "1"
                        },
                        "tainted": false
                    },
                    "deposed": [],
                    "provider": "provider.google"
                },
                "google_compute_instance.instance1": {
                    "type": "google_compute_instance",
                    "depends_on": [
                        "google_compute_subnetwork.cr460-subnet1"
                    ],
                    "primary": {
                        "id": "instance1",
                        "attributes": {
                            "attached_disk.#": "0",
                            "boot_disk.#": "1",
                            "boot_disk.0.auto_delete": "true",
                            "boot_disk.0.device_name": "persistent-disk-0",
                            "boot_disk.0.disk_encryption_key_raw": "",
                            "boot_disk.0.disk_encryption_key_sha256": "",
                            "boot_disk.0.initialize_params.#": "1",
                            "boot_disk.0.initialize_params.0.image": "https://www.googleapis.com/compute/v1/projects/debian-cloud/global/images/debian-8-jessie-v20180206",
                            "boot_disk.0.initialize_params.0.size": "10",
                            "boot_disk.0.initialize_params.0.type": "pd-standard",
                            "boot_disk.0.source": "https://www.googleapis.com/compute/v1/projects/cr460-cours6/zones/northamerica-northeast1-a/disks/instance1",
                            "can_ip_forward": "false",
                            "cpu_platform": "Intel Skylake",
                            "create_timeout": "4",
                            "guest_accelerator.#": "0",
                            "id": "instance1",
                            "instance_id": "264625959665734598",
                            "label_fingerprint": "42WmSpB8rSM=",
                            "machine_type": "n1-standard-1",
                            "metadata.%": "0",
                            "metadata_fingerprint": "-eV25wB1Qzg=",
                            "metadata_startup_script": "",
                            "min_cpu_platform": "",
                            "name": "instance1",
                            "network_interface.#": "1",
                            "network_interface.0.access_config.#": "0",
                            "network_interface.0.address": "10.0.0.2",
                            "network_interface.0.alias_ip_range.#": "0",
                            "network_interface.0.name": "nic0",
                            "network_interface.0.network": "https://www.googleapis.com/compute/v1/projects/cr460-cours6/global/networks/cr460",
                            "network_interface.0.network_ip": "10.0.0.2",
                            "network_interface.0.subnetwork": "https://www.googleapis.com/compute/v1/projects/cr460-cours6/regions/northamerica-northeast1/subnetworks/cr460-subnet1",
                            "network_interface.0.subnetwork_project": "cr460-cours6",
                            "project": "cr460-cours6",
                            "scheduling.#": "1",
                            "scheduling.0.automatic_restart": "true",
                            "scheduling.0.on_host_maintenance": "MIGRATE",
                            "scheduling.0.preemptible": "false",
                            "scratch_disk.#": "0",
                            "self_link": "https://www.googleapis.com/compute/v1/projects/cr460-cours6/zones/northamerica-northeast1-a/instances/instance1",
                            "service_account.#": "0",
                            "tags.#": "3",
                            "tags.1428258306": "cr460",
                            "tags.3312536934": "patate",
                            "tags.365508689": "web",
                            "tags_fingerprint": "t6d-QpM2RWM=",
                            "zone": "northamerica-northeast1-a"
                        },
                        "meta": {
                            "e2bfb730-ecaa-11e6-8f88-34363bc7c4c0": {
                                "create": 360000000000,
                                "delete": 360000000000,
                                "update": 360000000000
                            },
                            "schema_version": "6"
                        },
                        "tainted": false
                    },
                    "deposed": [],
                    "provider": "provider.google"
                },
                "google_compute_network.cr460": {
                    "type": "google_compute_network",
                    "depends_on": [],
                    "primary": {
                        "id": "cr460",
                        "attributes": {
                            "auto_create_subnetworks": "false",
                            "description": "",
                            "gateway_ipv4": "",
                            "id": "cr460",
                            "ipv4_range": "",
                            "name": "cr460",
                            "project": "cr460-cours6",
                            "routing_mode": "REGIONAL",
                            "self_link": "https://www.googleapis.com/compute/v1/projects/cr460-cours6/global/networks/cr460"
                        },
                        "meta": {},
                        "tainted": false
                    },
                    "deposed": [],
                    "provider": "provider.google"
                },
                "google_compute_subnetwork.cr460-subnet1": {
                    "type": "google_compute_subnetwork",
                    "depends_on": [
                        "google_compute_network.cr460"
                    ],
                    "primary": {
                        "id": "northamerica-northeast1/cr460-subnet1",
                        "attributes": {
                            "description": "",
                            "gateway_address": "10.0.0.1",
                            "id": "northamerica-northeast1/cr460-subnet1",
                            "ip_cidr_range": "10.0.0.0/24",
                            "name": "cr460-subnet1",
                            "network": "https://www.googleapis.com/compute/v1/projects/cr460-cours6/global/networks/cr460",
                            "private_ip_google_access": "false",
                            "project": "cr460-cours6",
                            "region": "northamerica-northeast1",
                            "secondary_ip_range.#": "0",
                            "self_link": "https://www.googleapis.com/compute/v1/projects/cr460-cours6/regions/northamerica-northeast1/subnetworks/cr460-subnet1"
                        },
                        "meta": {
                            "e2bfb730-ecaa-11e6-8f88-34363bc7c4c0": {
                                "create": 360000000000,
                                "delete": 360000000000,
                                "update": 360000000000
                            }
                        },
                        "tainted": false
                    },
                    "deposed": [],
                    "provider": "provider.google"
                }
            },
            "depends_on": []
        }
    ]
}
